
Microsoft Visual Studio Solution File, Format Version 12.00
# Visual Studio Version 17
VisualStudioVersion = 17.8.34511.84
MinimumVisualStudioVersion = 10.0.40219.1
Project("{FAE04EC0-301F-11D3-BF4B-00C04F79EFBC}") = "FishAudit", "FishAudit\FishAudit.csproj", "{810CF04A-EEA8-4658-A24F-C2C485088E16}"
EndProject
Global
	GlobalSection(SolutionConfigurationPlatforms) = preSolution
		Debug|Any CPU = Debug|Any CPU
		Release|Any CPU = Release|Any CPU
	EndGlobalSection
	GlobalSection(ProjectConfigurationPlatforms) = postSolution
		{810CF04A-EEA8-4658-A24F-C2C485088E16}.Debug|Any CPU.ActiveCfg = Debug|Any CPU
		{810CF04A-EEA8-4658-A24F-C2C485088E16}.Debug|Any CPU.Build.0 = Debug|Any CPU
		{810CF04A-EEA8-4658-A24F-C2C485088E16}.Release|Any CPU.ActiveCfg = Release|Any CPU
		{810CF04A-EEA8-4658-A24F-C2C485088E16}.Release|Any CPU.Build.0 = Release|Any CPU
	EndGlobalSection
	GlobalSection(SolutionProperties) = preSolution
		HideSolutionNode = FALSE
	EndGlobalSection
	GlobalSection(ExtensibilityGlobals) = postSolution
		SolutionGuid = {63C67D37-0124-4C06-8029-ACF881276870}
	EndGlobalSection
EndGlobal
